
Microsoft Visual Studio Solution File, Format Version 12.00
# Visual Studio Version 16
VisualStudioVersion = 16.0.30503.244
MinimumVisualStudioVersion = 10.0.40219.1
Project("{FAE04EC0-301F-11D3-BF4B-00C04F79EFBC}") = "Caliculator", "Caliculator.csproj", "{10A951B3-0EE6-409A-8A91-CCB4560CFF1D}"
EndProject
Project("{FAE04EC0-301F-11D3-BF4B-00C04F79EFBC}") = "Caliculator2", "..\Caliculator2\Caliculator2.csproj", "{50BFC4CB-7448-47CF-90CE-1196CCB981D8}"
EndProject
Global
	GlobalSection(SolutionConfigurationPlatforms) = preSolution
		Debug|Any CPU = Debug|Any CPU
		Release|Any CPU = Release|Any CPU
	EndGlobalSection
	GlobalSection(ProjectConfigurationPlatforms) = postSolution
		{10A951B3-0EE6-409A-8A91-CCB4560CFF1D}.Debug|Any CPU.ActiveCfg = Debug|Any CPU
		{10A951B3-0EE6-409A-8A91-CCB4560CFF1D}.Debug|Any CPU.Build.0 = Debug|Any CPU
		{10A951B3-0EE6-409A-8A91-CCB4560CFF1D}.Release|Any CPU.ActiveCfg = Release|Any CPU
		{10A951B3-0EE6-409A-8A91-CCB4560CFF1D}.Release|Any CPU.Build.0 = Release|Any CPU
		{50BFC4CB-7448-47CF-90CE-1196CCB981D8}.Debug|Any CPU.ActiveCfg = Debug|Any CPU
		{50BFC4CB-7448-47CF-90CE-1196CCB981D8}.Debug|Any CPU.Build.0 = Debug|Any CPU
		{50BFC4CB-7448-47CF-90CE-1196CCB981D8}.Release|Any CPU.ActiveCfg = Release|Any CPU
		{50BFC4CB-7448-47CF-90CE-1196CCB981D8}.Release|Any CPU.Build.0 = Release|Any CPU
	EndGlobalSection
	GlobalSection(SolutionProperties) = preSolution
		HideSolutionNode = FALSE
	EndGlobalSection
	GlobalSection(ExtensibilityGlobals) = postSolution
		SolutionGuid = {7BE52479-1D46-449C-83A3-1E5D6031E998}
	EndGlobalSection
EndGlobal
